{
  "nodes": {
    "nixpkgs": {
      "locked": {
        "lastModified": 1696757521,
        "narHash": "sha256-cfgtLNCBLFx2qOzRLI6DHfqTdfWI+UbvsKYa3b3fvaA=",
        "owner": "NixOS",
        "repo": "nixpkgs",
        "rev": "2646b294a146df2781b1ca49092450e8a32814e1",
        "type": "github"
      },
      "original": {
        "owner": "NixOS",
        "ref": "nixpkgs-unstable",
        "repo": "nixpkgs",
        "type": "github"
      }
    },
    "nixpkgs-unstable": {
      "locked": {
        "lastModified": 1696577711,
        "narHash": "sha256-94VRjvClIKDym1QRqPkX5LTQoAwZ1E6QE/3dWtOXSIQ=",
        "path": "/nix/store/5vfm7m1mh4p31ryzp4bvsfzv4h8lj1h0-source",
        "rev": "a2eb207f45e4a14a1e3019d9e3863d1e208e2295",
        "type": "path"
      },
      "original": {
        "id": "nixpkgs-unstable",
        "type": "indirect"
      }
    },
    "root": {
      "inputs": {
        "nixpkgs": "nixpkgs",
        "nixpkgs-unstable": "nixpkgs-unstable"
      }
    }
  },
  "root": "root",
  "version": 7
}
